{
  "name": "total-ecs",
  "version": "1.0.0",
  "lockfileVersion": 2,
  "requires": true,
  "packages": {
    "": {
      "name": "total-ecs",
      "version": "1.0.0",
      "license": "MIT",
      "dependencies": {
        "event-emitter": "github:jrabausch/event-emitter"
      },
      "devDependencies": {
        "typescript": "^5.0.2"
      }
    },
    "node_modules/event-emitter": {
      "version": "1.0.0",
      "resolved": "git+ssh://git@github.com/jrabausch/event-emitter.git#cbd24c4a04c953e7a8c996f94db64215b00a9e02",
      "license": "MIT"
    },
    "node_modules/typescript": {
      "version": "5.0.2",
      "resolved": "https://registry.npmjs.org/typescript/-/typescript-5.0.2.tgz",
      "integrity": "sha512-wVORMBGO/FAs/++blGNeAVdbNKtIh1rbBL2EyQ1+J9lClJ93KiiKe8PmFIVdXhHcyv44SL9oglmfeSsndo0jRw==",
      "dev": true,
      "bin": {
        "tsc": "bin/tsc",
        "tsserver": "bin/tsserver"
      },
      "engines": {
        "node": ">=12.20"
      }
    }
  },
  "dependencies": {
    "event-emitter": {
      "version": "git+ssh://git@github.com/jrabausch/event-emitter.git#cbd24c4a04c953e7a8c996f94db64215b00a9e02",
      "from": "event-emitter@github:jrabausch/event-emitter"
    },
    "typescript": {
      "version": "5.0.2",
      "resolved": "https://registry.npmjs.org/typescript/-/typescript-5.0.2.tgz",
      "integrity": "sha512-wVORMBGO/FAs/++blGNeAVdbNKtIh1rbBL2EyQ1+J9lClJ93KiiKe8PmFIVdXhHcyv44SL9oglmfeSsndo0jRw==",
      "dev": true
    }
  }
}
